// !$*UTF8*$!
{
	archiveVersion = 1;
	classes = {
	};
	objectVersion = 50;
	objects = {

/* Begin PBXBuildFile section */
		8618FF4624D5AED10013E584 /* AppDelegate.m in Sources */ = {isa = PBXBuildFile; fileRef = 8618FF4524D5AED10013E584 /* AppDelegate.m */; };
		8618FF4924D5AED10013E584 /* ViewController.m in Sources */ = {isa = PBXBuildFile; fileRef = 8618FF4824D5AED10013E584 /* ViewController.m */; };
		8618FF4C24D5AED10013E584 /* Main.storyboard in Resources */ = {isa = PBXBuildFile; fileRef = 8618FF4A24D5AED10013E584 /* Main.storyboard */; };
		8618FF4E24D5AEDC0013E584 /* Assets.xcassets in Resources */ = {isa = PBXBuildFile; fileRef = 8618FF4D24D5AEDC0013E584 /* Assets.xcassets */; };
		8618FF5124D5AEDC0013E584 /* LaunchScreen.storyboard in Resources */ = {isa = PBXBuildFile; fileRef = 8618FF4F24D5AEDC0013E584 /* LaunchScreen.storyboard */; };
		8618FF5424D5AEDC0013E584 /* main.m in Sources */ = {isa = PBXBuildFile; fileRef = 8618FF5324D5AEDC0013E584 /* main.m */; };
		8618FF5C24D5AF110013E584 /* TAYThread.m in Sources */ = {isa = PBXBuildFile; fileRef = 8618FF5B24D5AF110013E584 /* TAYThread.m */; };
		8682E9C124D6B4EB00DF3311 /* NewViewController.m in Sources */ = {isa = PBXBuildFile; fileRef = 8682E9C024D6B4EB00DF3311 /* NewViewController.m */; };
/* End PBXBuildFile section */

/* Begin PBXFileReference section */
		8618FF4124D5AED00013E584 /* RunLoopiOS.app */ = {isa = PBXFileReference; explicitFileType = wrapper.application; includeInIndex = 0; path = RunLoopiOS.app; sourceTree = BUILT_PRODUCTS_DIR; };
		8618FF4424D5AED10013E584 /* AppDelegate.h */ = {isa = PBXFileReference; lastKnownFileType = sourcecode.c.h; path = AppDelegate.h; sourceTree = "<group>"; };
		8618FF4524D5AED10013E584 /* AppDelegate.m */ = {isa = PBXFileReference; lastKnownFileType = sourcecode.c.objc; path = AppDelegate.m; sourceTree = "<group>"; };
		8618FF4724D5AED10013E584 /* ViewController.h */ = {isa = PBXFileReference; lastKnownFileType = sourcecode.c.h; path = ViewController.h; sourceTree = "<group>"; };
		8618FF4824D5AED10013E584 /* ViewController.m */ = {isa = PBXFileReference; lastKnownFileType = sourcecode.c.objc; path = ViewController.m; sourceTree = "<group>"; };
		8618FF4B24D5AED10013E584 /* Base */ = {isa = PBXFileReference; lastKnownFileType = file.storyboard; name = Base; path = Base.lproj/Main.storyboard; sourceTree = "<group>"; };
		8618FF4D24D5AEDC0013E584 /* Assets.xcassets */ = {isa = PBXFileReference; lastKnownFileType = folder.assetcatalog; path = Assets.xcassets; sourceTree = "<group>"; };
		8618FF5024D5AEDC0013E584 /* Base */ = {isa = PBXFileReference; lastKnownFileType = file.storyboard; name = Base; path = Base.lproj/LaunchScreen.storyboard; sourceTree = "<group>"; };
		8618FF5224D5AEDC0013E584 /* Info.plist */ = {isa = PBXFileReference; lastKnownFileType = text.plist.xml; path = Info.plist; sourceTree = "<group>"; };
		8618FF5324D5AEDC0013E584 /* main.m */ = {isa = PBXFileReference; lastKnownFileType = sourcecode.c.objc; path = main.m; sourceTree = "<group>"; };
		8618FF5A24D5AF110013E584 /* TAYThread.h */ = {isa = PBXFileReference; lastKnownFileType = sourcecode.c.h; path = TAYThread.h; sourceTree = "<group>"; };
		8618FF5B24D5AF110013E584 /* TAYThread.m */ = {isa = PBXFileReference; lastKnownFileType = sourcecode.c.objc; path = TAYThread.m; sourceTree = "<group>"; };
		8682E9BF24D6B4EB00DF3311 /* NewViewController.h */ = {isa = PBXFileReference; lastKnownFileType = sourcecode.c.h; path = NewViewController.h; sourceTree = "<group>"; };
		8682E9C024D6B4EB00DF3311 /* NewViewController.m */ = {isa = PBXFileReference; lastKnownFileType = sourcecode.c.objc; path = NewViewController.m; sourceTree = "<group>"; };
/* End PBXFileReference section */

/* Begin PBXFrameworksBuildPhase section */
		8618FF3E24D5AED00013E584 /* Frameworks */ = {
			isa = PBXFrameworksBuildPhase;
			buildActionMask = 2147483647;
			files = (
			);
			runOnlyForDeploymentPostprocessing = 0;
		};
/* End PBXFrameworksBuildPhase section */

/* Begin PBXGroup section */
		8618FF3824D5AED00013E584 = {
			isa = PBXGroup;
			children = (
				8618FF4324D5AED10013E584 /* RunLoopiOS */,
				8618FF4224D5AED00013E584 /* Products */,
			);
			sourceTree = "<group>";
		};
		8618FF4224D5AED00013E584 /* Products */ = {
			isa = PBXGroup;
			children = (
				8618FF4124D5AED00013E584 /* RunLoopiOS.app */,
			);
			name = Products;
			sourceTree = "<group>";
		};
		8618FF4324D5AED10013E584 /* RunLoopiOS */ = {
			isa = PBXGroup;
			children = (
				8618FF4424D5AED10013E584 /* AppDelegate.h */,
				8618FF4524D5AED10013E584 /* AppDelegate.m */,
				8618FF4724D5AED10013E584 /* ViewController.h */,
				8618FF4824D5AED10013E584 /* ViewController.m */,
				8682E9BF24D6B4EB00DF3311 /* NewViewController.h */,
				8682E9C024D6B4EB00DF3311 /* NewViewController.m */,
				8618FF4A24D5AED10013E584 /* Main.storyboard */,
				8618FF4D24D5AEDC0013E584 /* Assets.xcassets */,
				8618FF4F24D5AEDC0013E584 /* LaunchScreen.storyboard */,
				8618FF5224D5AEDC0013E584 /* Info.plist */,
				8618FF5324D5AEDC0013E584 /* main.m */,
				8618FF5A24D5AF110013E584 /* TAYThread.h */,
				8618FF5B24D5AF110013E584 /* TAYThread.m */,
			);
			path = RunLoopiOS;
			sourceTree = "<group>";
		};
/* End PBXGroup section */

/* Begin PBXNativeTarget section */
		8618FF4024D5AED00013E584 /* RunLoopiOS */ = {
			isa = PBXNativeTarget;
			buildConfigurationList = 8618FF5724D5AEDC0013E584 /* Build configuration list for PBXNativeTarget "RunLoopiOS" */;
			buildPhases = (
				8618FF3D24D5AED00013E584 /* Sources */,
				8618FF3E24D5AED00013E584 /* Frameworks */,
				8618FF3F24D5AED00013E584 /* Resources */,
			);
			buildRules = (
			);
			dependencies = (
			);
			name = RunLoopiOS;
			productName = RunLoopiOS;
			productReference = 8618FF4124D5AED00013E584 /* RunLoopiOS.app */;
			productType = "com.apple.product-type.application";
		};
/* End PBXNativeTarget section */

/* Begin PBXProject section */
		8618FF3924D5AED00013E584 /* Project object */ = {
			isa = PBXProject;
			attributes = {
				LastUpgradeCheck = 1020;
				ORGANIZATIONNAME = cinderella;
				TargetAttributes = {
					8618FF4024D5AED00013E584 = {
						CreatedOnToolsVersion = 10.2.1;
					};
				};
			};
			buildConfigurationList = 8618FF3C24D5AED00013E584 /* Build configuration list for PBXProject "RunLoopiOS" */;
			compatibilityVersion = "Xcode 9.3";
			developmentRegion = en;
			hasScannedForEncodings = 0;
			knownRegions = (
				en,
				Base,
			);
			mainGroup = 8618FF3824D5AED00013E584;
			productRefGroup = 8618FF4224D5AED00013E584 /* Products */;
			projectDirPath = "";
			projectRoot = "";
			targets = (
				8618FF4024D5AED00013E584 /* RunLoopiOS */,
			);
		};
/* End PBXProject section */

/* Begin PBXResourcesBuildPhase section */
		8618FF3F24D5AED00013E584 /* Resources */ = {
			isa = PBXResourcesBuildPhase;
			buildActionMask = 2147483647;
			files = (
				8618FF5124D5AEDC0013E584 /* LaunchScreen.storyboard in Resources */,
				8618FF4E24D5AEDC0013E584 /* Assets.xcassets in Resources */,
				8618FF4C24D5AED10013E584 /* Main.storyboard in Resources */,
			);
			runOnlyForDeploymentPostprocessing = 0;
		};
/* End PBXResourcesBuildPhase section */

/* Begin PBXSourcesBuildPhase section */
		8618FF3D24D5AED00013E584 /* Sources */ = {
			isa = PBXSourcesBuildPhase;
			buildActionMask = 2147483647;
			files = (
				8618FF5C24D5AF110013E584 /* TAYThread.m in Sources */,
				8618FF4924D5AED10013E584 /* ViewController.m in Sources */,
				8682E9C124D6B4EB00DF3311 /* NewViewController.m in Sources */,
				8618FF5424D5AEDC0013E584 /* main.m in Sources */,
				8618FF4624D5AED10013E584 /* AppDelegate.m in Sources */,
			);
			runOnlyForDeploymentPostprocessing = 0;
		};
/* End PBXSourcesBuildPhase section */

/* Begin PBXVariantGroup section */
		8618FF4A24D5AED10013E584 /* Main.storyboard */ = {
			isa = PBXVariantGroup;
			children = (
				8618FF4B24D5AED10013E584 /* Base */,
			);
			name = Main.storyboard;
			sourceTree = "<group>";
		};
		8618FF4F24D5AEDC0013E584 /* LaunchScreen.storyboard */ = {
			isa = PBXVariantGroup;
			children = (
				8618FF5024D5AEDC0013E584 /* Base */,
			);
			name = LaunchScreen.storyboard;
			sourceTree = "<group>";
		};
/* End PBXVariantGroup section */

/* Begin XCBuildConfiguration section */
		8618FF5524D5AEDC0013E584 /* Debug */ = {
			isa = XCBuildConfiguration;
			buildSettings = {
				ALWAYS_SEARCH_USER_PATHS = NO;
				CLANG_ANALYZER_NONNULL = YES;
				CLANG_ANALYZER_NUMBER_OBJECT_CONVERSION = YES_AGGRESSIVE;
				CLANG_CXX_LANGUAGE_STANDARD = "gnu++14";
				CLANG_CXX_LIBRARY = "libc++";
				CLANG_ENABLE_MODULES = YES;
				CLANG_ENABLE_OBJC_ARC = YES;
				CLANG_ENABLE_OBJC_WEAK = YES;
				CLANG_WARN_BLOCK_CAPTURE_AUTORELEASING = YES;
				CLANG_WARN_BOOL_CONVERSION = YES;
				CLANG_WARN_COMMA = YES;
				CLANG_WARN_CONSTANT_CONVERSION = YES;
				CLANG_WARN_DEPRECATED_OBJC_IMPLEMENTATIONS = YES;
				CLANG_WARN_DIRECT_OBJC_ISA_USAGE = YES_ERROR;
				CLANG_WARN_DOCUMENTATION_COMMENTS = YES;
				CLANG_WARN_EMPTY_BODY = YES;
				CLANG_WARN_ENUM_CONVERSION = YES;
				CLANG_WARN_INFINITE_RECURSION = YES;
				CLANG_WARN_INT_CONVERSION = YES;
				CLANG_WARN_NON_LITERAL_NULL_CONVERSION = YES;
				CLANG_WARN_OBJC_IMPLICIT_RETAIN_SELF = YES;
				CLANG_WARN_OBJC_LITERAL_CONVERSION = YES;
				CLANG_WARN_OBJC_ROOT_CLASS = YES_ERROR;
				CLANG_WARN_RANGE_LOOP_ANALYSIS = YES;
				CLANG_WARN_STRICT_PROTOTYPES = YES;
				CLANG_WARN_SUSPICIOUS_MOVE = YES;
				CLANG_WARN_UNGUARDED_AVAILABILITY = YES_AGGRESSIVE;
				CLANG_WARN_UNREACHABLE_CODE = YES;
				CLANG_WARN__DUPLICATE_METHOD_MATCH = YES;
				CODE_SIGN_IDENTITY = "iPhone Developer";
				COPY_PHASE_STRIP = NO;
				DEBUG_INFORMATION_FORMAT = dwarf;
				ENABLE_STRICT_OBJC_MSGSEND = YES;
				ENABLE_TESTABILITY = YES;
				GCC_C_LANGUAGE_STANDARD = gnu11;
				GCC_DYNAMIC_NO_PIC = NO;
				GCC_NO_COMMON_BLOCKS = YES;
				GCC_OPTIMIZATION_LEVEL = 0;
				GCC_PREPROCESSOR_DEFINITIONS = (
					"DEBUG=1",
					"$(inherited)",
				);
				GCC_WARN_64_TO_32_BIT_CONVERSION = YES;
				GCC_WARN_ABOUT_RETURN_TYPE = YES_ERROR;
				GCC_WARN_UNDECLARED_SELECTOR = YES;
				GCC_WARN_UNINITIALIZED_AUTOS = YES_AGGRESSIVE;
				GCC_WARN_UNUSED_FUNCTION = YES;
				GCC_WARN_UNUSED_VARIABLE = YES;
				IPHONEOS_DEPLOYMENT_TARGET = 12.2;
				MTL_ENABLE_DEBUG_INFO = INCLUDE_SOURCE;
				MTL_FAST_MATH = YES;
				ONLY_ACTIVE_ARCH = YES;
				SDKROOT = iphoneos;
			};
			name = Debug;
		};
		8618FF5624D5AEDC0013E584 /* Release */ = {
			isa = XCBuildConfiguration;
			buildSettings = {
				ALWAYS_SEARCH_USER_PATHS = NO;
				CLANG_ANALYZER_NONNULL = YES;
				CLANG_ANALYZER_NUMBER_OBJECT_CONVERSION = YES_AGGRESSIVE;
				CLANG_CXX_LANGUAGE_STANDARD = "gnu++14";
				CLANG_CXX_LIBRARY = "libc++";
				CLANG_ENABLE_MODULES = YES;
				CLANG_ENABLE_OBJC_ARC = YES;
				CLANG_ENABLE_OBJC_WEAK = YES;
				CLANG_WARN_BLOCK_CAPTURE_AUTORELEASING = YES;
				CLANG_WARN_BOOL_CONVERSION = YES;
				CLANG_WARN_COMMA = YES;
				CLANG_WARN_CONSTANT_CONVERSION = YES;
				CLANG_WARN_DEPRECATED_OBJC_IMPLEMENTATIONS = YES;
				CLANG_WARN_DIRECT_OBJC_ISA_USAGE = YES_ERROR;
				CLANG_WARN_DOCUMENTATION_COMMENTS = YES;
				CLANG_WARN_EMPTY_BODY = YES;
				CLANG_WARN_ENUM_CONVERSION = YES;
				CLANG_WARN_INFINITE_RECURSION = YES;
				CLANG_WARN_INT_CONVERSION = YES;
				CLANG_WARN_NON_LITERAL_NULL_CONVERSION = YES;
				CLANG_WARN_OBJC_IMPLICIT_RETAIN_SELF = YES;
				CLANG_WARN_OBJC_LITERAL_CONVERSION = YES;
				CLANG_WARN_OBJC_ROOT_CLASS = YES_ERROR;
				CLANG_WARN_RANGE_LOOP_ANALYSIS = YES;
				CLANG_WARN_STRICT_PROTOTYPES = YES;
				CLANG_WARN_SUSPICIOUS_MOVE = YES;
				CLANG_WARN_UNGUARDED_AVAILABILITY = YES_AGGRESSIVE;
				CLANG_WARN_UNREACHABLE_CODE = YES;
				CLANG_WARN__DUPLICATE_METHOD_MATCH = YES;
				CODE_SIGN_IDENTITY = "iPhone Developer";
				COPY_PHASE_STRIP = NO;
				DEBUG_INFORMATION_FORMAT = "dwarf-with-dsym";
				ENABLE_NS_ASSERTIONS = NO;
				ENABLE_STRICT_OBJC_MSGSEND = YES;
				GCC_C_LANGUAGE_STANDARD = gnu11;
				GCC_NO_COMMON_BLOCKS = YES;
				GCC_WARN_64_TO_32_BIT_CONVERSION = YES;
				GCC_WARN_ABOUT_RETURN_TYPE = YES_ERROR;
				GCC_WARN_UNDECLARED_SELECTOR = YES;
				GCC_WARN_UNINITIALIZED_AUTOS = YES_AGGRESSIVE;
				GCC_WARN_UNUSED_FUNCTION = YES;
				GCC_WARN_UNUSED_VARIABLE = YES;
				IPHONEOS_DEPLOYMENT_TARGET = 12.2;
				MTL_ENABLE_DEBUG_INFO = NO;
				MTL_FAST_MATH = YES;
				SDKROOT = iphoneos;
				VALIDATE_PRODUCT = YES;
			};
			name = Release;
		};
		8618FF5824D5AEDC0013E584 /* Debug */ = {
			isa = XCBuildConfiguration;
			buildSettings = {
				ASSETCATALOG_COMPILER_APPICON_NAME = AppIcon;
				CODE_SIGN_STYLE = Automatic;
				INFOPLIST_FILE = RunLoopiOS/Info.plist;
				LD_RUNPATH_SEARCH_PATHS = (
					"$(inherited)",
					"@executable_path/Frameworks",
				);
				PRODUCT_BUNDLE_IDENTIFIER = cinderella.RunLoopiOS;
				PRODUCT_NAME = "$(TARGET_NAME)";
				TARGETED_DEVICE_FAMILY = "1,2";
			};
			name = Debug;
		};
		8618FF5924D5AEDC0013E584 /* Release */ = {
			isa = XCBuildConfiguration;
			buildSettings = {
				ASSETCATALOG_COMPILER_APPICON_NAME = AppIcon;
				CODE_SIGN_STYLE = Automatic;
				INFOPLIST_FILE = RunLoopiOS/Info.plist;
				LD_RUNPATH_SEARCH_PATHS = (
					"$(inherited)",
					"@executable_path/Frameworks",
				);
				PRODUCT_BUNDLE_IDENTIFIER = cinderella.RunLoopiOS;
				PRODUCT_NAME = "$(TARGET_NAME)";
				TARGETED_DEVICE_FAMILY = "1,2";
			};
			name = Release;
		};
/* End XCBuildConfiguration section */

/* Begin XCConfigurationList section */
		8618FF3C24D5AED00013E584 /* Build configuration list for PBXProject "RunLoopiOS" */ = {
			isa = XCConfigurationList;
			buildConfigurations = (
				8618FF5524D5AEDC0013E584 /* Debug */,
				8618FF5624D5AEDC0013E584 /* Release */,
			);
			defaultConfigurationIsVisible = 0;
			defaultConfigurationName = Release;
		};
		8618FF5724D5AEDC0013E584 /* Build configuration list for PBXNativeTarget "RunLoopiOS" */ = {
			isa = XCConfigurationList;
			buildConfigurations = (
				8618FF5824D5AEDC0013E584 /* Debug */,
				8618FF5924D5AEDC0013E584 /* Release */,
			);
			defaultConfigurationIsVisible = 0;
			defaultConfigurationName = Release;
		};
/* End XCConfigurationList section */
	};
	rootObject = 8618FF3924D5AED00013E584 /* Project object */;
}
